Microsoft Visual Studio Solution File, Format Version 12.00
# Visual Studio Version 17
VisualStudioVersion = 17.0.31903.59
MinimumVisualStudioVersion = 10.0.40219.1
Project("{FAE04EC0-301F-11D3-BF4B-00C04F79EFBC}") = "{{.ProjectName}}.AppHost", "src\{{.ProjectName}}.AppHost\{{.ProjectName}}.AppHost.csproj", "{{{.AppHostGuid}}}"
EndProject
Project("{FAE04EC0-301F-11D3-BF4B-00C04F79EFBC}") = "{{.ProjectName}}.Api", "src\{{.ProjectName}}.Api\{{.ProjectName}}.Api.csproj", "{{{.ApiGuid}}}"
EndProject
Project("{FAE04EC0-301F-11D3-BF4B-00C04F79EFBC}") = "{{.ProjectName}}.ServiceDefaults", "src\{{.ProjectName}}.ServiceDefaults\{{.ProjectName}}.ServiceDefaults.csproj", "{{{.ServiceDefaultsGuid}}}"
EndProject
{{if .IncludeWorker}}Project("{FAE04EC0-301F-11D3-BF4B-00C04F79EFBC}") = "{{.ProjectName}}.Worker", "src\{{.ProjectName}}.Worker\{{.ProjectName}}.Worker.csproj", "{{{.WorkerGuid}}}"
EndProject{{end}}
Global
	GlobalSection(SolutionConfigurationPlatforms) = preSolution
		Debug|Any CPU = Debug|Any CPU
		Release|Any CPU = Release|Any CPU
	EndGlobalSection
	GlobalSection(ProjectConfigurationPlatforms) = postSolution
		{{{.AppHostGuid}}}.Debug|Any CPU.ActiveCfg = Debug|Any CPU
		{{{.AppHostGuid}}}.Debug|Any CPU.Build.0 = Debug|Any CPU
		{{{.AppHostGuid}}}.Release|Any CPU.ActiveCfg = Release|Any CPU
		{{{.AppHostGuid}}}.Release|Any CPU.Build.0 = Release|Any CPU
		{{{.ApiGuid}}}.Debug|Any CPU.ActiveCfg = Debug|Any CPU
		{{{.ApiGuid}}}.Debug|Any CPU.Build.0 = Debug|Any CPU
		{{{.ApiGuid}}}.Release|Any CPU.ActiveCfg = Release|Any CPU
		{{{.ApiGuid}}}.Release|Any CPU.Build.0 = Release|Any CPU
		{{{.ServiceDefaultsGuid}}}.Debug|Any CPU.ActiveCfg = Debug|Any CPU
		{{{.ServiceDefaultsGuid}}}.Debug|Any CPU.Build.0 = Debug|Any CPU
		{{{.ServiceDefaultsGuid}}}.Release|Any CPU.ActiveCfg = Release|Any CPU
		{{{.ServiceDefaultsGuid}}}.Release|Any CPU.Build.0 = Release|Any CPU
		{{if .IncludeWorker}}{{{.WorkerGuid}}}.Debug|Any CPU.ActiveCfg = Debug|Any CPU
		{{{.WorkerGuid}}}.Debug|Any CPU.Build.0 = Debug|Any CPU
		{{{.WorkerGuid}}}.Release|Any CPU.ActiveCfg = Release|Any CPU
		{{{.WorkerGuid}}}.Release|Any CPU.Build.0 = Release|Any CPU{{end}}
	EndGlobalSection
EndGlobal